
Microsoft Visual Studio Solution File, Format Version 12.00
# Visual Studio 14
VisualStudioVersion = 14.0.25420.1
MinimumVisualStudioVersion = 10.0.40219.1
Project("{FAE04EC0-301F-11D3-BF4B-00C04F79EFBC}") = "OrderingSystem", "OrderingSystem\OrderingSystem.csproj", "{2275C9AA-0FE3-48A1-9C9F-0441091DE4BD}"
EndProject
Project("{FAE04EC0-301F-11D3-BF4B-00C04F79EFBC}") = "OrderingSystem.Business.Tests", "OrderingSystem.Tests\OrderingSystem.Business.Tests.csproj", "{CEFF7126-FD9A-469B-AE5B-C292592916F0}"
EndProject
Project("{2150E333-8FDC-42A3-9474-1A3956D46DE8}") = "UI", "UI", "{0CEAF2CB-283C-4BD0-8F80-86388803A938}"
EndProject
Project("{2150E333-8FDC-42A3-9474-1A3956D46DE8}") = "Test", "Test", "{1654DF9F-04CD-4914-944D-1F37A3679FCB}"
EndProject
Project("{2150E333-8FDC-42A3-9474-1A3956D46DE8}") = "Core", "Core", "{6E48F7CE-71EC-4EC3-8D91-76C88FE4AA21}"
EndProject
Project("{2150E333-8FDC-42A3-9474-1A3956D46DE8}") = "Library", "Library", "{CA736F42-E419-410D-9CAE-B1948FBA5950}"
EndProject
Project("{FAE04EC0-301F-11D3-BF4B-00C04F79EFBC}") = "OrderingSystem.Core", "OrderingSystem.Core\OrderingSystem.Core.csproj", "{AE4BDEF3-310C-4CF9-9801-BD54917C7C25}"
EndProject
Project("{FAE04EC0-301F-11D3-BF4B-00C04F79EFBC}") = "OrderingSystem.Data", "OrderingSystem.Data\OrderingSystem.Data.csproj", "{85C397C4-EB22-4D94-A330-3797ADBF7D8E}"
EndProject
Project("{FAE04EC0-301F-11D3-BF4B-00C04F79EFBC}") = "OrderingSystem.Domain", "OrderingSystem.Domain\OrderingSystem.Domain.csproj", "{2E886FA0-9939-44BD-B9E3-19F1C29EF69B}"
EndProject
Project("{FAE04EC0-301F-11D3-BF4B-00C04F79EFBC}") = "OrderingSystem.Business", "OrderingSystem.Business\OrderingSystem.Business.csproj", "{0447C33D-44D3-4F23-A106-91FAB26CDE64}"
EndProject
Project("{FAE04EC0-301F-11D3-BF4B-00C04F79EFBC}") = "OrderingSystem.IService", "OrderingSystem.IService\OrderingSystem.IService.csproj", "{22E243DB-F244-4856-8776-032941F910DE}"
EndProject
Project("{FAE04EC0-301F-11D3-BF4B-00C04F79EFBC}") = "OrderingSystem.Service", "OrderingSystem.Service\OrderingSystem.Service.csproj", "{16C2DB5D-9663-498A-8FA4-F23857F413CB}"
EndProject
Project("{FAE04EC0-301F-11D3-BF4B-00C04F79EFBC}") = "OrderingSystem.Cache", "OrderingSystem.Cache\OrderingSystem.Cache.csproj", "{B1E4AF84-8699-49AA-800B-AD247EA78D1C}"
EndProject
Project("{FAE04EC0-301F-11D3-BF4B-00C04F79EFBC}") = "OrderingSystem.Api", "OrderingSystem.Api\OrderingSystem.Api.csproj", "{9916F8E3-272F-41EC-B30B-292F6EBA4926}"
EndProject
Project("{2150E333-8FDC-42A3-9474-1A3956D46DE8}") = "Pay", "Pay", "{BFE7D541-F9CD-4C15-A12E-934989043C25}"
EndProject
Project("{FAE04EC0-301F-11D3-BF4B-00C04F79EFBC}") = "OrderingSystem.Http", "LOT.Http\OrderingSystem.Http.csproj", "{433F11A5-3703-4A11-9E35-1839EB9D5963}"
EndProject
Project("{FAE04EC0-301F-11D3-BF4B-00C04F79EFBC}") = "OrderingSystem.WX", "LOT.WX\OrderingSystem.WX.csproj", "{1601A030-1093-408A-BD27-9A29BBF10F8E}"
EndProject
Project("{FAE04EC0-301F-11D3-BF4B-00C04F79EFBC}") = "OrderingSystem.ZFB", "LOT.ZFB\OrderingSystem.ZFB.csproj", "{3B2573EF-DCAE-429B-9923-C2BFCC6C10AA}"
EndProject
Project("{FAE04EC0-301F-11D3-BF4B-00C04F79EFBC}") = "OrderingSystem.Common", "OrderingSystem.Common\OrderingSystem.Common.csproj", "{D6E3D27E-1314-41A0-B7E8-A0D5A00B3805}"
EndProject
Project("{FAE04EC0-301F-11D3-BF4B-00C04F79EFBC}") = "OrderClient", "OrderClient\OrderClient.csproj", "{F8333E67-7F2D-47C8-AFCE-8F9E049626D8}"
EndProject
Project("{2150E333-8FDC-42A3-9474-1A3956D46DE8}") = "Setup", "Setup", "{B55FA494-5B15-4D69-981A-DA56C32A50F9}"
EndProject
Project("{54435603-DBB4-11D2-8724-00A0C9A8B90C}") = "Setup1", "Setup1\Setup1.vdproj", "{0CB19A81-4059-4327-BEDD-1DC3AEE4FE37}"
EndProject
Project("{FAE04EC0-301F-11D3-BF4B-00C04F79EFBC}") = "cn.jpush.api", "cn.jpush.api\cn.jpush.api.csproj", "{E281D457-F259-4F0B-8608-16C81D8AE97B}"
EndProject
Global
	GlobalSection(SolutionConfigurationPlatforms) = preSolution
		Debug|Any CPU = Debug|Any CPU
		Develop|Any CPU = Develop|Any CPU
		Release|Any CPU = Release|Any CPU
		Release-Test|Any CPU = Release-Test|Any CPU
	EndGlobalSection
	GlobalSection(ProjectConfigurationPlatforms) = postSolution
		{2275C9AA-0FE3-48A1-9C9F-0441091DE4BD}.Debug|Any CPU.ActiveCfg = Debug|Any CPU
		{2275C9AA-0FE3-48A1-9C9F-0441091DE4BD}.Debug|Any CPU.Build.0 = Debug|Any CPU
		{2275C9AA-0FE3-48A1-9C9F-0441091DE4BD}.Develop|Any CPU.ActiveCfg = Debug|Any CPU
		{2275C9AA-0FE3-48A1-9C9F-0441091DE4BD}.Develop|Any CPU.Build.0 = Debug|Any CPU
		{2275C9AA-0FE3-48A1-9C9F-0441091DE4BD}.Release|Any CPU.ActiveCfg = Release|Any CPU
		{2275C9AA-0FE3-48A1-9C9F-0441091DE4BD}.Release|Any CPU.Build.0 = Release|Any CPU
		{2275C9AA-0FE3-48A1-9C9F-0441091DE4BD}.Release-Test|Any CPU.ActiveCfg = Release|Any CPU
		{2275C9AA-0FE3-48A1-9C9F-0441091DE4BD}.Release-Test|Any CPU.Build.0 = Release|Any CPU
		{CEFF7126-FD9A-469B-AE5B-C292592916F0}.Debug|Any CPU.ActiveCfg = Debug|Any CPU
		{CEFF7126-FD9A-469B-AE5B-C292592916F0}.Debug|Any CPU.Build.0 = Debug|Any CPU
		{CEFF7126-FD9A-469B-AE5B-C292592916F0}.Develop|Any CPU.ActiveCfg = Debug|Any CPU
		{CEFF7126-FD9A-469B-AE5B-C292592916F0}.Develop|Any CPU.Build.0 = Debug|Any CPU
		{CEFF7126-FD9A-469B-AE5B-C292592916F0}.Release|Any CPU.ActiveCfg = Release|Any CPU
		{CEFF7126-FD9A-469B-AE5B-C292592916F0}.Release|Any CPU.Build.0 = Release|Any CPU
		{CEFF7126-FD9A-469B-AE5B-C292592916F0}.Release-Test|Any CPU.ActiveCfg = Release|Any CPU
		{CEFF7126-FD9A-469B-AE5B-C292592916F0}.Release-Test|Any CPU.Build.0 = Release|Any CPU
		{AE4BDEF3-310C-4CF9-9801-BD54917C7C25}.Debug|Any CPU.ActiveCfg = Debug|Any CPU
		{AE4BDEF3-310C-4CF9-9801-BD54917C7C25}.Debug|Any CPU.Build.0 = Debug|Any CPU
		{AE4BDEF3-310C-4CF9-9801-BD54917C7C25}.Develop|Any CPU.ActiveCfg = Debug|Any CPU
		{AE4BDEF3-310C-4CF9-9801-BD54917C7C25}.Develop|Any CPU.Build.0 = Debug|Any CPU
		{AE4BDEF3-310C-4CF9-9801-BD54917C7C25}.Release|Any CPU.ActiveCfg = Release|Any CPU
		{AE4BDEF3-310C-4CF9-9801-BD54917C7C25}.Release|Any CPU.Build.0 = Release|Any CPU
		{AE4BDEF3-310C-4CF9-9801-BD54917C7C25}.Release-Test|Any CPU.ActiveCfg = Release|Any CPU
		{AE4BDEF3-310C-4CF9-9801-BD54917C7C25}.Release-Test|Any CPU.Build.0 = Release|Any CPU
		{85C397C4-EB22-4D94-A330-3797ADBF7D8E}.Debug|Any CPU.ActiveCfg = Debug|Any CPU
		{85C397C4-EB22-4D94-A330-3797ADBF7D8E}.Debug|Any CPU.Build.0 = Debug|Any CPU
		{85C397C4-EB22-4D94-A330-3797ADBF7D8E}.Develop|Any CPU.ActiveCfg = Debug|Any CPU
		{85C397C4-EB22-4D94-A330-3797ADBF7D8E}.Develop|Any CPU.Build.0 = Debug|Any CPU
		{85C397C4-EB22-4D94-A330-3797ADBF7D8E}.Release|Any CPU.ActiveCfg = Release|Any CPU
		{85C397C4-EB22-4D94-A330-3797ADBF7D8E}.Release|Any CPU.Build.0 = Release|Any CPU
		{85C397C4-EB22-4D94-A330-3797ADBF7D8E}.Release-Test|Any CPU.ActiveCfg = Release|Any CPU
		{85C397C4-EB22-4D94-A330-3797ADBF7D8E}.Release-Test|Any CPU.Build.0 = Release|Any CPU
		{2E886FA0-9939-44BD-B9E3-19F1C29EF69B}.Debug|Any CPU.ActiveCfg = Debug|Any CPU
		{2E886FA0-9939-44BD-B9E3-19F1C29EF69B}.Debug|Any CPU.Build.0 = Debug|Any CPU
		{2E886FA0-9939-44BD-B9E3-19F1C29EF69B}.Develop|Any CPU.ActiveCfg = Debug|Any CPU
		{2E886FA0-9939-44BD-B9E3-19F1C29EF69B}.Develop|Any CPU.Build.0 = Debug|Any CPU
		{2E886FA0-9939-44BD-B9E3-19F1C29EF69B}.Release|Any CPU.ActiveCfg = Release|Any CPU
		{2E886FA0-9939-44BD-B9E3-19F1C29EF69B}.Release|Any CPU.Build.0 = Release|Any CPU
		{2E886FA0-9939-44BD-B9E3-19F1C29EF69B}.Release-Test|Any CPU.ActiveCfg = Release|Any CPU
		{2E886FA0-9939-44BD-B9E3-19F1C29EF69B}.Release-Test|Any CPU.Build.0 = Release|Any CPU
		{0447C33D-44D3-4F23-A106-91FAB26CDE64}.Debug|Any CPU.ActiveCfg = Debug|Any CPU
		{0447C33D-44D3-4F23-A106-91FAB26CDE64}.Debug|Any CPU.Build.0 = Debug|Any CPU
		{0447C33D-44D3-4F23-A106-91FAB26CDE64}.Develop|Any CPU.ActiveCfg = Debug|Any CPU
		{0447C33D-44D3-4F23-A106-91FAB26CDE64}.Develop|Any CPU.Build.0 = Debug|Any CPU
		{0447C33D-44D3-4F23-A106-91FAB26CDE64}.Release|Any CPU.ActiveCfg = Release|Any CPU
		{0447C33D-44D3-4F23-A106-91FAB26CDE64}.Release|Any CPU.Build.0 = Release|Any CPU
		{0447C33D-44D3-4F23-A106-91FAB26CDE64}.Release-Test|Any CPU.ActiveCfg = Release|Any CPU
		{0447C33D-44D3-4F23-A106-91FAB26CDE64}.Release-Test|Any CPU.Build.0 = Release|Any CPU
		{22E243DB-F244-4856-8776-032941F910DE}.Debug|Any CPU.ActiveCfg = Debug|Any CPU
		{22E243DB-F244-4856-8776-032941F910DE}.Debug|Any CPU.Build.0 = Debug|Any CPU
		{22E243DB-F244-4856-8776-032941F910DE}.Develop|Any CPU.ActiveCfg = Debug|Any CPU
		{22E243DB-F244-4856-8776-032941F910DE}.Develop|Any CPU.Build.0 = Debug|Any CPU
		{22E243DB-F244-4856-8776-032941F910DE}.Release|Any CPU.ActiveCfg = Release|Any CPU
		{22E243DB-F244-4856-8776-032941F910DE}.Release|Any CPU.Build.0 = Release|Any CPU
		{22E243DB-F244-4856-8776-032941F910DE}.Release-Test|Any CPU.ActiveCfg = Release|Any CPU
		{22E243DB-F244-4856-8776-032941F910DE}.Release-Test|Any CPU.Build.0 = Release|Any CPU
		{16C2DB5D-9663-498A-8FA4-F23857F413CB}.Debug|Any CPU.ActiveCfg = Debug|Any CPU
		{16C2DB5D-9663-498A-8FA4-F23857F413CB}.Debug|Any CPU.Build.0 = Debug|Any CPU
		{16C2DB5D-9663-498A-8FA4-F23857F413CB}.Develop|Any CPU.ActiveCfg = Debug|Any CPU
		{16C2DB5D-9663-498A-8FA4-F23857F413CB}.Develop|Any CPU.Build.0 = Debug|Any CPU
		{16C2DB5D-9663-498A-8FA4-F23857F413CB}.Release|Any CPU.ActiveCfg = Release|Any CPU
		{16C2DB5D-9663-498A-8FA4-F23857F413CB}.Release|Any CPU.Build.0 = Release|Any CPU
		{16C2DB5D-9663-498A-8FA4-F23857F413CB}.Release-Test|Any CPU.ActiveCfg = Release|Any CPU
		{16C2DB5D-9663-498A-8FA4-F23857F413CB}.Release-Test|Any CPU.Build.0 = Release|Any CPU
		{B1E4AF84-8699-49AA-800B-AD247EA78D1C}.Debug|Any CPU.ActiveCfg = Debug|Any CPU
		{B1E4AF84-8699-49AA-800B-AD247EA78D1C}.Debug|Any CPU.Build.0 = Debug|Any CPU
		{B1E4AF84-8699-49AA-800B-AD247EA78D1C}.Develop|Any CPU.ActiveCfg = Debug|Any CPU
		{B1E4AF84-8699-49AA-800B-AD247EA78D1C}.Develop|Any CPU.Build.0 = Debug|Any CPU
		{B1E4AF84-8699-49AA-800B-AD247EA78D1C}.Release|Any CPU.ActiveCfg = Release|Any CPU
		{B1E4AF84-8699-49AA-800B-AD247EA78D1C}.Release|Any CPU.Build.0 = Release|Any CPU
		{B1E4AF84-8699-49AA-800B-AD247EA78D1C}.Release-Test|Any CPU.ActiveCfg = Release|Any CPU
		{B1E4AF84-8699-49AA-800B-AD247EA78D1C}.Release-Test|Any CPU.Build.0 = Release|Any CPU
		{9916F8E3-272F-41EC-B30B-292F6EBA4926}.Debug|Any CPU.ActiveCfg = Debug|Any CPU
		{9916F8E3-272F-41EC-B30B-292F6EBA4926}.Debug|Any CPU.Build.0 = Debug|Any CPU
		{9916F8E3-272F-41EC-B30B-292F6EBA4926}.Develop|Any CPU.ActiveCfg = Debug|Any CPU
		{9916F8E3-272F-41EC-B30B-292F6EBA4926}.Develop|Any CPU.Build.0 = Debug|Any CPU
		{9916F8E3-272F-41EC-B30B-292F6EBA4926}.Release|Any CPU.ActiveCfg = Release|Any CPU
		{9916F8E3-272F-41EC-B30B-292F6EBA4926}.Release|Any CPU.Build.0 = Release|Any CPU
		{9916F8E3-272F-41EC-B30B-292F6EBA4926}.Release-Test|Any CPU.ActiveCfg = Release|Any CPU
		{9916F8E3-272F-41EC-B30B-292F6EBA4926}.Release-Test|Any CPU.Build.0 = Release|Any CPU
		{433F11A5-3703-4A11-9E35-1839EB9D5963}.Debug|Any CPU.ActiveCfg = Debug|Any CPU
		{433F11A5-3703-4A11-9E35-1839EB9D5963}.Debug|Any CPU.Build.0 = Debug|Any CPU
		{433F11A5-3703-4A11-9E35-1839EB9D5963}.Develop|Any CPU.ActiveCfg = Debug|Any CPU
		{433F11A5-3703-4A11-9E35-1839EB9D5963}.Develop|Any CPU.Build.0 = Debug|Any CPU
		{433F11A5-3703-4A11-9E35-1839EB9D5963}.Release|Any CPU.ActiveCfg = Release|Any CPU
		{433F11A5-3703-4A11-9E35-1839EB9D5963}.Release|Any CPU.Build.0 = Release|Any CPU
		{433F11A5-3703-4A11-9E35-1839EB9D5963}.Release-Test|Any CPU.ActiveCfg = Release|Any CPU
		{433F11A5-3703-4A11-9E35-1839EB9D5963}.Release-Test|Any CPU.Build.0 = Release|Any CPU
		{1601A030-1093-408A-BD27-9A29BBF10F8E}.Debug|Any CPU.ActiveCfg = Debug|Any CPU
		{1601A030-1093-408A-BD27-9A29BBF10F8E}.Debug|Any CPU.Build.0 = Debug|Any CPU
		{1601A030-1093-408A-BD27-9A29BBF10F8E}.Develop|Any CPU.ActiveCfg = Debug|Any CPU
		{1601A030-1093-408A-BD27-9A29BBF10F8E}.Develop|Any CPU.Build.0 = Debug|Any CPU
		{1601A030-1093-408A-BD27-9A29BBF10F8E}.Release|Any CPU.ActiveCfg = Release|Any CPU
		{1601A030-1093-408A-BD27-9A29BBF10F8E}.Release|Any CPU.Build.0 = Release|Any CPU
		{1601A030-1093-408A-BD27-9A29BBF10F8E}.Release-Test|Any CPU.ActiveCfg = Release|Any CPU
		{1601A030-1093-408A-BD27-9A29BBF10F8E}.Release-Test|Any CPU.Build.0 = Release|Any CPU
		{3B2573EF-DCAE-429B-9923-C2BFCC6C10AA}.Debug|Any CPU.ActiveCfg = Debug|Any CPU
		{3B2573EF-DCAE-429B-9923-C2BFCC6C10AA}.Debug|Any CPU.Build.0 = Debug|Any CPU
		{3B2573EF-DCAE-429B-9923-C2BFCC6C10AA}.Develop|Any CPU.ActiveCfg = Debug|Any CPU
		{3B2573EF-DCAE-429B-9923-C2BFCC6C10AA}.Develop|Any CPU.Build.0 = Debug|Any CPU
		{3B2573EF-DCAE-429B-9923-C2BFCC6C10AA}.Release|Any CPU.ActiveCfg = Release|Any CPU
		{3B2573EF-DCAE-429B-9923-C2BFCC6C10AA}.Release|Any CPU.Build.0 = Release|Any CPU
		{3B2573EF-DCAE-429B-9923-C2BFCC6C10AA}.Release-Test|Any CPU.ActiveCfg = Release|Any CPU
		{3B2573EF-DCAE-429B-9923-C2BFCC6C10AA}.Release-Test|Any CPU.Build.0 = Release|Any CPU
		{D6E3D27E-1314-41A0-B7E8-A0D5A00B3805}.Debug|Any CPU.ActiveCfg = Debug|Any CPU
		{D6E3D27E-1314-41A0-B7E8-A0D5A00B3805}.Debug|Any CPU.Build.0 = Debug|Any CPU
		{D6E3D27E-1314-41A0-B7E8-A0D5A00B3805}.Develop|Any CPU.ActiveCfg = Debug|Any CPU
		{D6E3D27E-1314-41A0-B7E8-A0D5A00B3805}.Develop|Any CPU.Build.0 = Debug|Any CPU
		{D6E3D27E-1314-41A0-B7E8-A0D5A00B3805}.Release|Any CPU.ActiveCfg = Release|Any CPU
		{D6E3D27E-1314-41A0-B7E8-A0D5A00B3805}.Release|Any CPU.Build.0 = Release|Any CPU
		{D6E3D27E-1314-41A0-B7E8-A0D5A00B3805}.Release-Test|Any CPU.ActiveCfg = Release|Any CPU
		{D6E3D27E-1314-41A0-B7E8-A0D5A00B3805}.Release-Test|Any CPU.Build.0 = Release|Any CPU
		{F8333E67-7F2D-47C8-AFCE-8F9E049626D8}.Debug|Any CPU.ActiveCfg = Debug|Any CPU
		{F8333E67-7F2D-47C8-AFCE-8F9E049626D8}.Debug|Any CPU.Build.0 = Debug|Any CPU
		{F8333E67-7F2D-47C8-AFCE-8F9E049626D8}.Develop|Any CPU.ActiveCfg = Debug|Any CPU
		{F8333E67-7F2D-47C8-AFCE-8F9E049626D8}.Develop|Any CPU.Build.0 = Debug|Any CPU
		{F8333E67-7F2D-47C8-AFCE-8F9E049626D8}.Release|Any CPU.ActiveCfg = Release|Any CPU
		{F8333E67-7F2D-47C8-AFCE-8F9E049626D8}.Release|Any CPU.Build.0 = Release|Any CPU
		{F8333E67-7F2D-47C8-AFCE-8F9E049626D8}.Release-Test|Any CPU.ActiveCfg = Release|Any CPU
		{F8333E67-7F2D-47C8-AFCE-8F9E049626D8}.Release-Test|Any CPU.Build.0 = Release|Any CPU
		{0CB19A81-4059-4327-BEDD-1DC3AEE4FE37}.Debug|Any CPU.ActiveCfg = Debug
		{0CB19A81-4059-4327-BEDD-1DC3AEE4FE37}.Develop|Any CPU.ActiveCfg = Debug
		{0CB19A81-4059-4327-BEDD-1DC3AEE4FE37}.Release|Any CPU.ActiveCfg = Release
		{0CB19A81-4059-4327-BEDD-1DC3AEE4FE37}.Release-Test|Any CPU.ActiveCfg = Release
		{E281D457-F259-4F0B-8608-16C81D8AE97B}.Debug|Any CPU.ActiveCfg = Debug|Any CPU
		{E281D457-F259-4F0B-8608-16C81D8AE97B}.Debug|Any CPU.Build.0 = Debug|Any CPU
		{E281D457-F259-4F0B-8608-16C81D8AE97B}.Develop|Any CPU.ActiveCfg = Develop|Any CPU
		{E281D457-F259-4F0B-8608-16C81D8AE97B}.Develop|Any CPU.Build.0 = Develop|Any CPU
		{E281D457-F259-4F0B-8608-16C81D8AE97B}.Release|Any CPU.ActiveCfg = Release|Any CPU
		{E281D457-F259-4F0B-8608-16C81D8AE97B}.Release|Any CPU.Build.0 = Release|Any CPU
		{E281D457-F259-4F0B-8608-16C81D8AE97B}.Release-Test|Any CPU.ActiveCfg = Release-Test|Any CPU
		{E281D457-F259-4F0B-8608-16C81D8AE97B}.Release-Test|Any CPU.Build.0 = Release-Test|Any CPU
	EndGlobalSection
	GlobalSection(SolutionProperties) = preSolution
		HideSolutionNode = FALSE
	EndGlobalSection
	GlobalSection(NestedProjects) = preSolution
		{2275C9AA-0FE3-48A1-9C9F-0441091DE4BD} = {0CEAF2CB-283C-4BD0-8F80-86388803A938}
		{CEFF7126-FD9A-469B-AE5B-C292592916F0} = {1654DF9F-04CD-4914-944D-1F37A3679FCB}
		{AE4BDEF3-310C-4CF9-9801-BD54917C7C25} = {6E48F7CE-71EC-4EC3-8D91-76C88FE4AA21}
		{85C397C4-EB22-4D94-A330-3797ADBF7D8E} = {6E48F7CE-71EC-4EC3-8D91-76C88FE4AA21}
		{2E886FA0-9939-44BD-B9E3-19F1C29EF69B} = {6E48F7CE-71EC-4EC3-8D91-76C88FE4AA21}
		{0447C33D-44D3-4F23-A106-91FAB26CDE64} = {CA736F42-E419-410D-9CAE-B1948FBA5950}
		{22E243DB-F244-4856-8776-032941F910DE} = {CA736F42-E419-410D-9CAE-B1948FBA5950}
		{16C2DB5D-9663-498A-8FA4-F23857F413CB} = {CA736F42-E419-410D-9CAE-B1948FBA5950}
		{B1E4AF84-8699-49AA-800B-AD247EA78D1C} = {6E48F7CE-71EC-4EC3-8D91-76C88FE4AA21}
		{9916F8E3-272F-41EC-B30B-292F6EBA4926} = {0CEAF2CB-283C-4BD0-8F80-86388803A938}
		{433F11A5-3703-4A11-9E35-1839EB9D5963} = {BFE7D541-F9CD-4C15-A12E-934989043C25}
		{1601A030-1093-408A-BD27-9A29BBF10F8E} = {BFE7D541-F9CD-4C15-A12E-934989043C25}
		{3B2573EF-DCAE-429B-9923-C2BFCC6C10AA} = {BFE7D541-F9CD-4C15-A12E-934989043C25}
		{D6E3D27E-1314-41A0-B7E8-A0D5A00B3805} = {6E48F7CE-71EC-4EC3-8D91-76C88FE4AA21}
		{F8333E67-7F2D-47C8-AFCE-8F9E049626D8} = {0CEAF2CB-283C-4BD0-8F80-86388803A938}
		{0CB19A81-4059-4327-BEDD-1DC3AEE4FE37} = {B55FA494-5B15-4D69-981A-DA56C32A50F9}
		{E281D457-F259-4F0B-8608-16C81D8AE97B} = {CA736F42-E419-410D-9CAE-B1948FBA5950}
	EndGlobalSection
EndGlobal
